
Microsoft Visual Studio Solution File, Format Version 12.00
# Visual Studio Version 16
VisualStudioVersion = 16.0.30803.129
MinimumVisualStudioVersion = 10.0.40219.1
Project("{FAE04EC0-301F-11D3-BF4B-00C04F79EFBC}") = "ResXHelper", "ResXHelper.csproj", "{5C845067-50CA-44F3-86D5-A62D9B8BA064}"
EndProject
Project("{2150E333-8FDC-42A3-9474-1A3956D46DE8}") = "SolutionItems", "SolutionItems", "{99B6D88E-7054-4C84-ADD3-543B55A1CD60}"
	ProjectSection(SolutionItems) = preProject
		..\.gitignore = ..\.gitignore
		..\ReadMe.md = ..\ReadMe.md
	EndProjectSection
EndProject
Global
	GlobalSection(SolutionConfigurationPlatforms) = preSolution
		Debug|Any CPU = Debug|Any CPU
		Release|Any CPU = Release|Any CPU
	EndGlobalSection
	GlobalSection(ProjectConfigurationPlatforms) = postSolution
		{5C845067-50CA-44F3-86D5-A62D9B8BA064}.Debug|Any CPU.ActiveCfg = Debug|Any CPU
		{5C845067-50CA-44F3-86D5-A62D9B8BA064}.Debug|Any CPU.Build.0 = Debug|Any CPU
		{5C845067-50CA-44F3-86D5-A62D9B8BA064}.Release|Any CPU.ActiveCfg = Release|Any CPU
		{5C845067-50CA-44F3-86D5-A62D9B8BA064}.Release|Any CPU.Build.0 = Release|Any CPU
	EndGlobalSection
	GlobalSection(SolutionProperties) = preSolution
		HideSolutionNode = FALSE
	EndGlobalSection
	GlobalSection(ExtensibilityGlobals) = postSolution
		SolutionGuid = {C6BAFEC7-35A3-442B-9732-BAE453C13D58}
	EndGlobalSection
EndGlobal
